
Microsoft Visual Studio Solution File, Format Version 12.00
# Visual Studio Version 16
VisualStudioVersion = 16.0.808.4
MinimumVisualStudioVersion = 10.0.40219.1
Project("{FAE04EC0-301F-11D3-BF4B-00C04F79EFBC}") = "PlayNGoVer2", "PlayNGoVer2\PlayNGoVer2.csproj", "{C227167A-1800-4DDD-99E1-63765988D1F9}"
EndProject
Project("{FAE04EC0-301F-11D3-BF4B-00C04F79EFBC}") = "PlayNGoVer2Tests", "PlayNGoVer2Tests\PlayNGoVer2Tests.csproj", "{709ACB1E-35B0-43CD-9203-E7C2914FD2E0}"
EndProject
Global
	GlobalSection(SolutionConfigurationPlatforms) = preSolution
		Debug|Any CPU = Debug|Any CPU
		Release|Any CPU = Release|Any CPU
	EndGlobalSection
	GlobalSection(ProjectConfigurationPlatforms) = postSolution
		{C227167A-1800-4DDD-99E1-63765988D1F9}.Debug|Any CPU.ActiveCfg = Debug|Any CPU
		{C227167A-1800-4DDD-99E1-63765988D1F9}.Debug|Any CPU.Build.0 = Debug|Any CPU
		{C227167A-1800-4DDD-99E1-63765988D1F9}.Release|Any CPU.ActiveCfg = Release|Any CPU
		{C227167A-1800-4DDD-99E1-63765988D1F9}.Release|Any CPU.Build.0 = Release|Any CPU
		{709ACB1E-35B0-43CD-9203-E7C2914FD2E0}.Debug|Any CPU.ActiveCfg = Debug|Any CPU
		{709ACB1E-35B0-43CD-9203-E7C2914FD2E0}.Debug|Any CPU.Build.0 = Debug|Any CPU
		{709ACB1E-35B0-43CD-9203-E7C2914FD2E0}.Release|Any CPU.ActiveCfg = Release|Any CPU
		{709ACB1E-35B0-43CD-9203-E7C2914FD2E0}.Release|Any CPU.Build.0 = Release|Any CPU
	EndGlobalSection
	GlobalSection(SolutionProperties) = preSolution
		HideSolutionNode = FALSE
	EndGlobalSection
	GlobalSection(ExtensibilityGlobals) = postSolution
		SolutionGuid = {A3C520C3-587C-4A33-8D98-B2B9F03B69E9}
	EndGlobalSection
EndGlobal
